
Microsoft Visual Studio Solution File, Format Version 12.00
# Visual Studio 15
VisualStudioVersion = 15.0.27130.2010
MinimumVisualStudioVersion = 10.0.40219.1
Project("{FAE04EC0-301F-11D3-BF4B-00C04F79EFBC}") = "ShopProject.Web", "ShopProject.Web\ShopProject.Web.csproj", "{9C442652-2432-4FEB-AF97-36D49A0C232D}"
EndProject
Project("{FAE04EC0-301F-11D3-BF4B-00C04F79EFBC}") = "ShopProject.Entities", "ShopProject1.Entities\ShopProject.Entities.csproj", "{0F9723F8-9FD7-4DC7-BE4D-412CBE557B6C}"
EndProject
Global
	GlobalSection(SolutionConfigurationPlatforms) = preSolution
		Debug|Any CPU = Debug|Any CPU
		Release|Any CPU = Release|Any CPU
	EndGlobalSection
	GlobalSection(ProjectConfigurationPlatforms) = postSolution
		{9C442652-2432-4FEB-AF97-36D49A0C232D}.Debug|Any CPU.ActiveCfg = Debug|Any CPU
		{9C442652-2432-4FEB-AF97-36D49A0C232D}.Debug|Any CPU.Build.0 = Debug|Any CPU
		{9C442652-2432-4FEB-AF97-36D49A0C232D}.Release|Any CPU.ActiveCfg = Release|Any CPU
		{9C442652-2432-4FEB-AF97-36D49A0C232D}.Release|Any CPU.Build.0 = Release|Any CPU
		{0F9723F8-9FD7-4DC7-BE4D-412CBE557B6C}.Debug|Any CPU.ActiveCfg = Debug|Any CPU
		{0F9723F8-9FD7-4DC7-BE4D-412CBE557B6C}.Debug|Any CPU.Build.0 = Debug|Any CPU
		{0F9723F8-9FD7-4DC7-BE4D-412CBE557B6C}.Release|Any CPU.ActiveCfg = Release|Any CPU
		{0F9723F8-9FD7-4DC7-BE4D-412CBE557B6C}.Release|Any CPU.Build.0 = Release|Any CPU
	EndGlobalSection
	GlobalSection(SolutionProperties) = preSolution
		HideSolutionNode = FALSE
	EndGlobalSection
	GlobalSection(ExtensibilityGlobals) = postSolution
		SolutionGuid = {E1E1BD14-E602-433D-BD79-865F4244DB48}
	EndGlobalSection
EndGlobal
