
Microsoft Visual Studio Solution File, Format Version 12.00
# Visual Studio 15
VisualStudioVersion = 15.0.27130.2010
MinimumVisualStudioVersion = 10.0.40219.1
Project("{FAE04EC0-301F-11D3-BF4B-00C04F79EFBC}") = "Books.Web", "Books.Web\Books.Web.csproj", "{84BA11E9-ED9F-4A07-8364-9EE3DB18BD09}"
EndProject
Project("{FAE04EC0-301F-11D3-BF4B-00C04F79EFBC}") = "Books.Entities", "Books.Entities\Books.Entities.csproj", "{B5EE8EF4-5DA7-4BE5-8A4B-18827D5D5A14}"
EndProject
Global
	GlobalSection(SolutionConfigurationPlatforms) = preSolution
		Debug|Any CPU = Debug|Any CPU
		Release|Any CPU = Release|Any CPU
	EndGlobalSection
	GlobalSection(ProjectConfigurationPlatforms) = postSolution
		{84BA11E9-ED9F-4A07-8364-9EE3DB18BD09}.Debug|Any CPU.ActiveCfg = Debug|Any CPU
		{84BA11E9-ED9F-4A07-8364-9EE3DB18BD09}.Debug|Any CPU.Build.0 = Debug|Any CPU
		{84BA11E9-ED9F-4A07-8364-9EE3DB18BD09}.Release|Any CPU.ActiveCfg = Release|Any CPU
		{84BA11E9-ED9F-4A07-8364-9EE3DB18BD09}.Release|Any CPU.Build.0 = Release|Any CPU
		{B5EE8EF4-5DA7-4BE5-8A4B-18827D5D5A14}.Debug|Any CPU.ActiveCfg = Debug|Any CPU
		{B5EE8EF4-5DA7-4BE5-8A4B-18827D5D5A14}.Debug|Any CPU.Build.0 = Debug|Any CPU
		{B5EE8EF4-5DA7-4BE5-8A4B-18827D5D5A14}.Release|Any CPU.ActiveCfg = Release|Any CPU
		{B5EE8EF4-5DA7-4BE5-8A4B-18827D5D5A14}.Release|Any CPU.Build.0 = Release|Any CPU
	EndGlobalSection
	GlobalSection(SolutionProperties) = preSolution
		HideSolutionNode = FALSE
	EndGlobalSection
	GlobalSection(ExtensibilityGlobals) = postSolution
		SolutionGuid = {D3D3E3EA-F8C3-4A1B-8C92-94EE1142BD13}
	EndGlobalSection
EndGlobal
